Microsoft Visual Studio Solution File, Format Version 12.00
# Visual Studio 15
VisualStudioVersion = 15.0.26430.14
MinimumVisualStudioVersion = 10.0.40219.1
Project("{FAE04EC0-301F-11D3-BF4B-00C04F79EFBC}") = "CountriesAPI.Standard", "CountriesAPI.Standard/CountriesAPI.Standard.csproj", "{8cf39f9f-55cd-40af-abbe-2974fdc08fc4}"
EndProject
Project("{FAE04EC0-301F-11D3-BF4B-00C04F79EFBC}") = "CountriesAPI.Tests", "CountriesAPI.Tests/CountriesAPI.Tests.csproj", "{65c80a5b-dad2-4537-b1e9-373e4bd073f6}"
EndProject
Global
    GlobalSection(SolutionConfigurationPlatforms) = preSolution
        Debug|Any CPU = Debug|Any CPU
        Release|Any CPU = Release|Any CPU
    EndGlobalSection
    GlobalSection(ProjectConfigurationPlatforms) = postSolution
        {8cf39f9f-55cd-40af-abbe-2974fdc08fc4}.Debug|Any CPU.ActiveCfg = Debug|Any CPU
        {8cf39f9f-55cd-40af-abbe-2974fdc08fc4}.Debug|Any CPU.Build.0 = Debug|Any CPU
        {8cf39f9f-55cd-40af-abbe-2974fdc08fc4}.Release|Any CPU.ActiveCfg = Release|Any CPU
        {8cf39f9f-55cd-40af-abbe-2974fdc08fc4}.Release|Any CPU.Build.0 = Release|Any CPU
        {65c80a5b-dad2-4537-b1e9-373e4bd073f6}.Debug|Any CPU.ActiveCfg = Debug|Any CPU
        {65c80a5b-dad2-4537-b1e9-373e4bd073f6}.Debug|Any CPU.Build.0 = Debug|Any CPU
        {65c80a5b-dad2-4537-b1e9-373e4bd073f6}.Release|Any CPU.ActiveCfg = Release|Any CPU
        {65c80a5b-dad2-4537-b1e9-373e4bd073f6}.Release|Any CPU.Build.0 = Release|Any CPU
    EndGlobalSection
    GlobalSection(SolutionProperties) = preSolution
        HideSolutionNode = FALSE
    EndGlobalSection
EndGlobal
